{
  "name": "sera-ai-governance-dads-tokens",
  "lockfileVersion": 3,
  "requires": true,
  "packages": {
    "": {
      "name": "sera-ai-governance-dads-tokens",
      "license": "Apache-2.0",
      "devDependencies": {
        "@digital-go-jp/tailwind-theme-plugin": "1.0.1"
      }
    },
    "node_modules/@digital-go-jp/tailwind-theme-plugin": {
      "version": "1.0.1",
      "resolved": "https://registry.npmjs.org/@digital-go-jp/tailwind-theme-plugin/-/tailwind-theme-plugin-1.0.1.tgz",
      "integrity": "sha512-Srw+lQFW2ubZBM6GTgiX0PVliQDyfQwNi8B3E/kcARHaDfqnwzemxKVwppG3E8h+VMSLBPQHjdIrkuz9ri13Yg==",
      "dev": true,
      "license": "MIT",
      "peerDependencies": {
        "tailwindcss": "^3.4.17 || ^4.0.0"
      }
    }
  }
}
